
Microsoft Visual Studio Solution File, Format Version 12.00
# Visual Studio Version 16
VisualStudioVersion = 16.0.30907.101
MinimumVisualStudioVersion = 10.0.40219.1
Project("{FAE04EC0-301F-11D3-BF4B-00C04F79EFBC}") = "AssignmentPortal", "AssignmentPortal\AssignmentPortal.csproj", "{75950EE8-9D28-4733-BAE5-AC64B1F04886}"
EndProject
Global
	GlobalSection(SolutionConfigurationPlatforms) = preSolution
		Debug|Any CPU = Debug|Any CPU
		Release|Any CPU = Release|Any CPU
	EndGlobalSection
	GlobalSection(ProjectConfigurationPlatforms) = postSolution
		{75950EE8-9D28-4733-BAE5-AC64B1F04886}.Debug|Any CPU.ActiveCfg = Debug|Any CPU
		{75950EE8-9D28-4733-BAE5-AC64B1F04886}.Debug|Any CPU.Build.0 = Debug|Any CPU
		{75950EE8-9D28-4733-BAE5-AC64B1F04886}.Release|Any CPU.ActiveCfg = Release|Any CPU
		{75950EE8-9D28-4733-BAE5-AC64B1F04886}.Release|Any CPU.Build.0 = Release|Any CPU
	EndGlobalSection
	GlobalSection(SolutionProperties) = preSolution
		HideSolutionNode = FALSE
	EndGlobalSection
	GlobalSection(ExtensibilityGlobals) = postSolution
		SolutionGuid = {217416EF-E0A9-4CB4-B41D-9FEF2F4BDD83}
	EndGlobalSection
EndGlobal
